{
    "name": "cs-angular",
    "version": "1.0.0",
    "lockfileVersion": 1,
    "requires": true,
    "dependencies": {
        "@types/angular": {
            "version": "1.6.32",
            "resolved": "https://registry.npmjs.org/@types/angular/-/angular-1.6.32.tgz",
            "integrity": "sha512-xpx7oFBN2oQEwtD80m+aI8wpejzGvlgkgzYD+MpxFTyJtlbwUUUIaJEaEJOtgtF/9Fndt3q6W1qNGf7vO2AUjw==",
            "dev": true
        },
        "angular": {
            "version": "1.6.6",
            "resolved": "https://registry.npmjs.org/angular/-/angular-1.6.6.tgz",
            "integrity": "sha1-/Vo8+0N844LYVO4BEgeXl4Uny2Q="
        },
        "typescript": {
            "version": "2.5.2",
            "resolved": "https://registry.npmjs.org/typescript/-/typescript-2.5.2.tgz",
            "integrity": "sha1-A4qV99m7tCCxvzW6MdTFwd0//jQ=",
            "dev": true
        }
    }
}
